PODS:
  - boost-for-react-native (1.63.0)
  - DoubleConversion (1.1.6)
  - FBLazyVector (0.61.5)
  - FBReactNativeSpec (0.61.5):
    - Folly (= 2018.10.22.00)
    - RCTRequired (= 0.61.5)
    - RCTTypeSafety (= 0.61.5)
    - React-Core (= 0.61.5)
    - React-jsi (= 0.61.5)
    - ReactCommon/turbomodule/core (= 0.61.5)
  - Folly (2018.10.22.00):
    - boost-for-react-native
    - DoubleConversion
    - Folly/Default (= 2018.10.22.00)
    - glog
  - Folly/Default (2018.10.22.00):
    - boost-for-react-native
    - DoubleConversion
    - glog
  - glog (0.3.5)
  - HighScores (1.0.0.LOCAL):
    - Workflow
    - WorkflowReactNative
  - One (1.0.0.LOCAL):
    - Workflow
    - WorkflowSwiftUI
  - RCTRequired (0.61.5)
  - RCTTypeSafety (0.61.5):
    - FBLazyVector (= 0.61.5)
    - Folly (= 2018.10.22.00)
    - RCTRequired (= 0.61.5)
    - React-Core (= 0.61.5)
  - React (0.61.5):
    - React-Core (= 0.61.5)
    - React-Core/DevSupport (= 0.61.5)
    - React-Core/RCTWebSocket (= 0.61.5)
    - React-RCTActionSheet (= 0.61.5)
    - React-RCTAnimation (= 0.61.5)
    - React-RCTBlob (= 0.61.5)
    - React-RCTImage (= 0.61.5)
    - React-RCTLinking (= 0.61.5)
    - React-RCTNetwork (= 0.61.5)
    - React-RCTSettings (= 0.61.5)
    - React-RCTText (= 0.61.5)
    - React-RCTVibration (= 0.61.5)
  - React-Core (0.61.5):
    - Folly (= 2018.10.22.00)
    - glog
    - React-Core/Default (= 0.61.5)
    - React-cxxreact (= 0.61.5)
    - React-jsi (= 0.61.5)
    - React-jsiexecutor (= 0.61.5)
    - Yoga
  - React-Core/CoreModulesHeaders (0.61.5):
    - Folly (= 2018.10.22.00)
    - glog
    - React-Core/Default
    - React-cxxreact (= 0.61.5)
    - React-jsi (= 0.61.5)
    - React-jsiexecutor (= 0.61.5)
    - Yoga
  - React-Core/Default (0.61.5):
    - Folly (= 2018.10.22.00)
    - glog
    - React-cxxreact (= 0.61.5)
    - React-jsi (= 0.61.5)
    - React-jsiexecutor (= 0.61.5)
    - Yoga
  - React-Core/DevSupport (0.61.5):
    - Folly (= 2018.10.22.00)
    - glog
    - React-Core/Default (= 0.61.5)
    - React-Core/RCTWebSocket (= 0.61.5)
    - React-cxxreact (= 0.61.5)
    - React-jsi (= 0.61.5)
    - React-jsiexecutor (= 0.61.5)
    - React-jsinspector (= 0.61.5)
    - Yoga
  - React-Core/RCTActionSheetHeaders (0.61.5):
    - Folly (= 2018.10.22.00)
    - glog
    - React-Core/Default
    - React-cxxreact (= 0.61.5)
    - React-jsi (= 0.61.5)
    - React-jsiexecutor (= 0.61.5)
    - Yoga
  - React-Core/RCTAnimationHeaders (0.61.5):
    - Folly (= 2018.10.22.00)
    - glog
    - React-Core/Default
    - React-cxxreact (= 0.61.5)
    - React-jsi (= 0.61.5)
    - React-jsiexecutor (= 0.61.5)
    - Yoga
  - React-Core/RCTBlobHeaders (0.61.5):
    - Folly (= 2018.10.22.00)
    - glog
    - React-Core/Default
    - React-cxxreact (= 0.61.5)
    - React-jsi (= 0.61.5)
    - React-jsiexecutor (= 0.61.5)
    - Yoga
  - React-Core/RCTImageHeaders (0.61.5):
    - Folly (= 2018.10.22.00)
    - glog
    - React-Core/Default
    - React-cxxreact (= 0.61.5)
    - React-jsi (= 0.61.5)
    - React-jsiexecutor (= 0.61.5)
    - Yoga
  - React-Core/RCTLinkingHeaders (0.61.5):
    - Folly (= 2018.10.22.00)
    - glog
    - React-Core/Default
    - React-cxxreact (= 0.61.5)
    - React-jsi (= 0.61.5)
    - React-jsiexecutor (= 0.61.5)
    - Yoga
  - React-Core/RCTNetworkHeaders (0.61.5):
    - Folly (= 2018.10.22.00)
    - glog
    - React-Core/Default
    - React-cxxreact (= 0.61.5)
    - React-jsi (= 0.61.5)
    - React-jsiexecutor (= 0.61.5)
    - Yoga
  - React-Core/RCTSettingsHeaders (0.61.5):
    - Folly (= 2018.10.22.00)
    - glog
    - React-Core/Default
    - React-cxxreact (= 0.61.5)
    - React-jsi (= 0.61.5)
    - React-jsiexecutor (= 0.61.5)
    - Yoga
  - React-Core/RCTTextHeaders (0.61.5):
    - Folly (= 2018.10.22.00)
    - glog
    - React-Core/Default
    - React-cxxreact (= 0.61.5)
    - React-jsi (= 0.61.5)
    - React-jsiexecutor (= 0.61.5)
    - Yoga
  - React-Core/RCTVibrationHeaders (0.61.5):
    - Folly (= 2018.10.22.00)
    - glog
    - React-Core/Default
    - React-cxxreact (= 0.61.5)
    - React-jsi (= 0.61.5)
    - React-jsiexecutor (= 0.61.5)
    - Yoga
  - React-Core/RCTWebSocket (0.61.5):
    - Folly (= 2018.10.22.00)
    - glog
    - React-Core/Default (= 0.61.5)
    - React-cxxreact (= 0.61.5)
    - React-jsi (= 0.61.5)
    - React-jsiexecutor (= 0.61.5)
    - Yoga
  - React-CoreModules (0.61.5):
    - FBReactNativeSpec (= 0.61.5)
    - Folly (= 2018.10.22.00)
    - RCTTypeSafety (= 0.61.5)
    - React-Core/CoreModulesHeaders (= 0.61.5)
    - React-RCTImage (= 0.61.5)
    - ReactCommon/turbomodule/core (= 0.61.5)
  - React-cxxreact (0.61.5):
    - boost-for-react-native (= 1.63.0)
    - DoubleConversion
    - Folly (= 2018.10.22.00)
    - glog
    - React-jsinspector (= 0.61.5)
  - React-jsi (0.61.5):
    - boost-for-react-native (= 1.63.0)
    - DoubleConversion
    - Folly (= 2018.10.22.00)
    - glog
    - React-jsi/Default (= 0.61.5)
  - React-jsi/Default (0.61.5):
    - boost-for-react-native (= 1.63.0)
    - DoubleConversion
    - Folly (= 2018.10.22.00)
    - glog
  - React-jsiexecutor (0.61.5):
    - DoubleConversion
    - Folly (= 2018.10.22.00)
    - glog
    - React-cxxreact (= 0.61.5)
    - React-jsi (= 0.61.5)
  - React-jsinspector (0.61.5)
  - React-RCTActionSheet (0.61.5):
    - React-Core/RCTActionSheetHeaders (= 0.61.5)
  - React-RCTAnimation (0.61.5):
    - React-Core/RCTAnimationHeaders (= 0.61.5)
  - React-RCTBlob (0.61.5):
    - React-Core/RCTBlobHeaders (= 0.61.5)
    - React-Core/RCTWebSocket (= 0.61.5)
    - React-jsi (= 0.61.5)
    - React-RCTNetwork (= 0.61.5)
  - React-RCTImage (0.61.5):
    - React-Core/RCTImageHeaders (= 0.61.5)
    - React-RCTNetwork (= 0.61.5)
  - React-RCTLinking (0.61.5):
    - React-Core/RCTLinkingHeaders (= 0.61.5)
  - React-RCTNetwork (0.61.5):
    - React-Core/RCTNetworkHeaders (= 0.61.5)
  - React-RCTSettings (0.61.5):
    - React-Core/RCTSettingsHeaders (= 0.61.5)
  - React-RCTText (0.61.5):
    - React-Core/RCTTextHeaders (= 0.61.5)
  - React-RCTVibration (0.61.5):
    - React-Core/RCTVibrationHeaders (= 0.61.5)
  - ReactCommon/jscallinvoker (0.61.5):
    - DoubleConversion
    - Folly (= 2018.10.22.00)
    - glog
    - React-cxxreact (= 0.61.5)
  - ReactCommon/turbomodule/core (0.61.5):
    - DoubleConversion
    - Folly (= 2018.10.22.00)
    - glog
    - React-Core (= 0.61.5)
    - React-cxxreact (= 0.61.5)
    - React-jsi (= 0.61.5)
    - ReactCommon/jscallinvoker (= 0.61.5)
  - ReactiveSwift (6.0.0)
  - Two (1.0.0.LOCAL):
    - Workflow
    - WorkflowUI
  - Workflow (0.24.0):
    - ReactiveSwift (~> 6.0.0)
  - WorkflowReactNative (1.0.0.LOCAL):
    - React
    - React-Core
    - Workflow
    - WorkflowUI
  - WorkflowSwiftUI (0.24.0):
    - Workflow (= 0.24.0)
  - WorkflowUI (0.24.0):
    - Workflow (= 0.24.0)
  - Yoga (1.14.0)

DEPENDENCIES:
  - DoubleConversion (from `./node_modules/react-native/third-party-podspecs/DoubleConversion.podspec`)
  - FBLazyVector (from `./node_modules/react-native/Libraries/FBLazyVector/FBLazyVector.podspec`)
  - FBReactNativeSpec (from `./node_modules/react-native/Libraries/FBReactNativeSpec/FBReactNativeSpec.podspec`)
  - Folly (from `./node_modules/react-native/third-party-podspecs/Folly.podspec`)
  - glog (from `./node_modules/react-native/third-party-podspecs/glog.podspec`)
  - HighScores (from `Playgrounds/HighScores/HighScores.podspec`)
  - One (from `Playgrounds/One/One.podspec`)
  - RCTRequired (from `./node_modules/react-native/Libraries/RCTRequired/RCTRequired.podspec`)
  - RCTTypeSafety (from `./node_modules/react-native/Libraries/TypeSafety/RCTTypeSafety.podspec`)
  - React (from `./node_modules/react-native/React.podspec`)
  - React-Core (from `./node_modules/react-native/React-Core.podspec`)
  - React-CoreModules (from `./node_modules/react-native/React/CoreModules/React-CoreModules.podspec`)
  - React-cxxreact (from `./node_modules/react-native/ReactCommon/cxxreact/React-cxxreact.podspec`)
  - React-jsi (from `./node_modules/react-native/ReactCommon/jsi/React-jsi.podspec`)
  - React-jsiexecutor (from `./node_modules/react-native/ReactCommon/jsiexecutor/React-jsiexecutor.podspec`)
  - React-jsinspector (from `./node_modules/react-native/ReactCommon/jsinspector/React-jsinspector.podspec`)
  - React-RCTActionSheet (from `./node_modules/react-native/Libraries/ActionSheetIOS/React-RCTActionSheet.podspec`)
  - React-RCTAnimation (from `./node_modules/react-native/Libraries/NativeAnimation/React-RCTAnimation.podspec`)
  - React-RCTBlob (from `./node_modules/react-native/Libraries/Blob/React-RCTBlob.podspec`)
  - React-RCTImage (from `./node_modules/react-native/Libraries/Image/React-RCTImage.podspec`)
  - React-RCTLinking (from `./node_modules/react-native/Libraries/LinkingIOS/React-RCTLinking.podspec`)
  - React-RCTNetwork (from `./node_modules/react-native/Libraries/Network/React-RCTNetwork.podspec`)
  - React-RCTSettings (from `./node_modules/react-native/Libraries/Settings/React-RCTSettings.podspec`)
  - React-RCTText (from `./node_modules/react-native/Libraries/Text/React-RCTText.podspec`)
  - React-RCTVibration (from `./node_modules/react-native/Libraries/Vibration/React-RCTVibration.podspec`)
  - ReactCommon/turbomodule/core (from `./node_modules/react-native/ReactCommon/ReactCommon.podspec`)
  - Two (from `Playgrounds/Two/Two.podspec`)
  - Workflow (from `https://github.com/square/workflow.git`, branch `master`)
  - WorkflowReactNative (from `Frameworks/WorkflowReactNative/WorkflowReactNative.podspec`)
  - WorkflowSwiftUI (from `https://github.com/square/workflow.git`, branch `master`)
  - WorkflowUI (from `https://github.com/square/workflow.git`, branch `master`)
  - Yoga (from `./node_modules/react-native/ReactCommon/yoga/Yoga.podspec`)

SPEC REPOS:
  trunk:
    - boost-for-react-native
    - ReactiveSwift

EXTERNAL SOURCES:
  DoubleConversion:
    :podspec: "./node_modules/react-native/third-party-podspecs/DoubleConversion.podspec"
  FBLazyVector:
    :path: "./node_modules/react-native/Libraries/FBLazyVector/FBLazyVector.podspec"
  FBReactNativeSpec:
    :path: "./node_modules/react-native/Libraries/FBReactNativeSpec/FBReactNativeSpec.podspec"
  Folly:
    :podspec: "./node_modules/react-native/third-party-podspecs/Folly.podspec"
  glog:
    :podspec: "./node_modules/react-native/third-party-podspecs/glog.podspec"
  HighScores:
    :path: Playgrounds/HighScores/HighScores.podspec
  One:
    :path: Playgrounds/One/One.podspec
  RCTRequired:
    :path: "./node_modules/react-native/Libraries/RCTRequired/RCTRequired.podspec"
  RCTTypeSafety:
    :path: "./node_modules/react-native/Libraries/TypeSafety/RCTTypeSafety.podspec"
  React:
    :path: "./node_modules/react-native/React.podspec"
  React-Core:
    :path: "./node_modules/react-native/React-Core.podspec"
  React-CoreModules:
    :path: "./node_modules/react-native/React/CoreModules/React-CoreModules.podspec"
  React-cxxreact:
    :path: "./node_modules/react-native/ReactCommon/cxxreact/React-cxxreact.podspec"
  React-jsi:
    :path: "./node_modules/react-native/ReactCommon/jsi/React-jsi.podspec"
  React-jsiexecutor:
    :path: "./node_modules/react-native/ReactCommon/jsiexecutor/React-jsiexecutor.podspec"
  React-jsinspector:
    :path: "./node_modules/react-native/ReactCommon/jsinspector/React-jsinspector.podspec"
  React-RCTActionSheet:
    :path: "./node_modules/react-native/Libraries/ActionSheetIOS/React-RCTActionSheet.podspec"
  React-RCTAnimation:
    :path: "./node_modules/react-native/Libraries/NativeAnimation/React-RCTAnimation.podspec"
  React-RCTBlob:
    :path: "./node_modules/react-native/Libraries/Blob/React-RCTBlob.podspec"
  React-RCTImage:
    :path: "./node_modules/react-native/Libraries/Image/React-RCTImage.podspec"
  React-RCTLinking:
    :path: "./node_modules/react-native/Libraries/LinkingIOS/React-RCTLinking.podspec"
  React-RCTNetwork:
    :path: "./node_modules/react-native/Libraries/Network/React-RCTNetwork.podspec"
  React-RCTSettings:
    :path: "./node_modules/react-native/Libraries/Settings/React-RCTSettings.podspec"
  React-RCTText:
    :path: "./node_modules/react-native/Libraries/Text/React-RCTText.podspec"
  React-RCTVibration:
    :path: "./node_modules/react-native/Libraries/Vibration/React-RCTVibration.podspec"
  ReactCommon:
    :path: "./node_modules/react-native/ReactCommon/ReactCommon.podspec"
  Two:
    :path: Playgrounds/Two/Two.podspec
  Workflow:
    :branch: master
    :git: https://github.com/square/workflow.git
  WorkflowReactNative:
    :path: Frameworks/WorkflowReactNative/WorkflowReactNative.podspec
  WorkflowSwiftUI:
    :branch: master
    :git: https://github.com/square/workflow.git
  WorkflowUI:
    :branch: master
    :git: https://github.com/square/workflow.git
  Yoga:
    :path: "./node_modules/react-native/ReactCommon/yoga/Yoga.podspec"

CHECKOUT OPTIONS:
  Workflow:
    :commit: 552d8313bd0d98ee4e8d15877f1a5755f72a8915
    :git: https://github.com/square/workflow.git
  WorkflowSwiftUI:
    :commit: 552d8313bd0d98ee4e8d15877f1a5755f72a8915
    :git: https://github.com/square/workflow.git
  WorkflowUI:
    :commit: 552d8313bd0d98ee4e8d15877f1a5755f72a8915
    :git: https://github.com/square/workflow.git

SPEC CHECKSUMS:
  boost-for-react-native: 39c7adb57c4e60d6c5479dd8623128eb5b3f0f2c
  DoubleConversion: 5805e889d232975c086db112ece9ed034df7a0b2
  FBLazyVector: aaeaf388755e4f29cd74acbc9e3b8da6d807c37f
  FBReactNativeSpec: 118d0d177724c2d67f08a59136eb29ef5943ec75
  Folly: 30e7936e1c45c08d884aa59369ed951a8e68cf51
  glog: 1f3da668190260b06b429bb211bfbee5cd790c28
  HighScores: 21663223db7f85fe1b1c435b1dfcdaaa8e2f1108
  One: 7e6d9730806d53991b59e1e5a82a66f51ccd5530
  RCTRequired: b153add4da6e7dbc44aebf93f3cf4fcae392ddf1
  RCTTypeSafety: 9aa1b91d7f9310fc6eadc3cf95126ffe818af320
  React: b6a59ef847b2b40bb6e0180a97d0ca716969ac78
  React-Core: 688b451f7d616cc1134ac95295b593d1b5158a04
  React-CoreModules: d04f8494c1a328b69ec11db9d1137d667f916dcb
  React-cxxreact: d0f7bcafa196ae410e5300736b424455e7fb7ba7
  React-jsi: cb2cd74d7ccf4cffb071a46833613edc79cdf8f7
  React-jsiexecutor: d5525f9ed5f782fdbacb64b9b01a43a9323d2386
  React-jsinspector: fa0ecc501688c3c4c34f28834a76302233e29dc0
  React-RCTActionSheet: 600b4d10e3aea0913b5a92256d2719c0cdd26d76
  React-RCTAnimation: 791a87558389c80908ed06cc5dfc5e7920dfa360
  React-RCTBlob: d89293cc0236d9cb0933d85e430b0bbe81ad1d72
  React-RCTImage: 6b8e8df449eb7c814c99a92d6b52de6fe39dea4e
  React-RCTLinking: 121bb231c7503cf9094f4d8461b96a130fabf4a5
  React-RCTNetwork: fb353640aafcee84ca8b78957297bd395f065c9a
  React-RCTSettings: 8db258ea2a5efee381fcf7a6d5044e2f8b68b640
  React-RCTText: 9ccc88273e9a3aacff5094d2175a605efa854dbe
  React-RCTVibration: a49a1f42bf8f5acf1c3e297097517c6b3af377ad
  ReactCommon: 198c7c8d3591f975e5431bec1b0b3b581aa1c5dd
  ReactiveSwift: 24b7ed245617bbfd30ee0c87779b6c64ac1b4518
  Two: 6b00094e831d1ebe6e201239c403b17affd20ac4
  Workflow: 2c4e797ee249216e5cd9174b65599780e78337f3
  WorkflowReactNative: d6793e38418212595c0c6a8210b238ffee41cf07
  WorkflowSwiftUI: 5f2a59602fed08fdfabf518c7f89a24de6145b8a
  WorkflowUI: c51ee47cdde720d240232a80f062baaf5e444549
  Yoga: f2a7cd4280bfe2cca5a7aed98ba0eb3d1310f18b

PODFILE CHECKSUM: 83f8d3526b956755cb0741b1913436329be476bd

COCOAPODS: 1.9.0.beta.3
